
Microsoft Visual Studio Solution File, Format Version 12.00
# Visual Studio 2013
VisualStudioVersion = 12.0.31101.0
MinimumVisualStudioVersion = 10.0.40219.1
Project("{FAE04EC0-301F-11D3-BF4B-00C04F79EFBC}") = "JuegoCromy", "Chat\JuegoCromy.csproj", "{95B4295C-DD5E-413F-A5ED-1E31FE9395E6}"
EndProject
Project("{FAE04EC0-301F-11D3-BF4B-00C04F79EFBC}") = "JuegoCromy.Code", "JuegoCromy.Code\JuegoCromy.Code.csproj", "{D1A08C2E-643F-4F5A-B181-8DDF8084779C}"
EndProject
Project("{FAE04EC0-301F-11D3-BF4B-00C04F79EFBC}") = "JuegoCromy.Test", "JuegoCromy.Test\JuegoCromy.Test.csproj", "{B6D706E2-9BF3-4167-B6E0-51F51815C47D}"
EndProject
Project("{FAE04EC0-301F-11D3-BF4B-00C04F79EFBC}") = "JuegoCromix.Web", "JuegoCromix.Web\JuegoCromix.Web.csproj", "{704B31AD-0421-4982-A9CD-DE737792C795}"
EndProject
Global
	GlobalSection(SolutionConfigurationPlatforms) = preSolution
		Debug|Any CPU = Debug|Any CPU
		Release|Any CPU = Release|Any CPU
	EndGlobalSection
	GlobalSection(ProjectConfigurationPlatforms) = postSolution
		{95B4295C-DD5E-413F-A5ED-1E31FE9395E6}.Debug|Any CPU.ActiveCfg = Debug|Any CPU
		{95B4295C-DD5E-413F-A5ED-1E31FE9395E6}.Debug|Any CPU.Build.0 = Debug|Any CPU
		{95B4295C-DD5E-413F-A5ED-1E31FE9395E6}.Release|Any CPU.ActiveCfg = Release|Any CPU
		{95B4295C-DD5E-413F-A5ED-1E31FE9395E6}.Release|Any CPU.Build.0 = Release|Any CPU
		{D1A08C2E-643F-4F5A-B181-8DDF8084779C}.Debug|Any CPU.ActiveCfg = Debug|Any CPU
		{D1A08C2E-643F-4F5A-B181-8DDF8084779C}.Debug|Any CPU.Build.0 = Debug|Any CPU
		{D1A08C2E-643F-4F5A-B181-8DDF8084779C}.Release|Any CPU.ActiveCfg = Release|Any CPU
		{D1A08C2E-643F-4F5A-B181-8DDF8084779C}.Release|Any CPU.Build.0 = Release|Any CPU
		{B6D706E2-9BF3-4167-B6E0-51F51815C47D}.Debug|Any CPU.ActiveCfg = Debug|Any CPU
		{B6D706E2-9BF3-4167-B6E0-51F51815C47D}.Debug|Any CPU.Build.0 = Debug|Any CPU
		{B6D706E2-9BF3-4167-B6E0-51F51815C47D}.Release|Any CPU.ActiveCfg = Release|Any CPU
		{B6D706E2-9BF3-4167-B6E0-51F51815C47D}.Release|Any CPU.Build.0 = Release|Any CPU
		{704B31AD-0421-4982-A9CD-DE737792C795}.Debug|Any CPU.ActiveCfg = Debug|Any CPU
		{704B31AD-0421-4982-A9CD-DE737792C795}.Debug|Any CPU.Build.0 = Debug|Any CPU
		{704B31AD-0421-4982-A9CD-DE737792C795}.Release|Any CPU.ActiveCfg = Release|Any CPU
		{704B31AD-0421-4982-A9CD-DE737792C795}.Release|Any CPU.Build.0 = Release|Any CPU
	EndGlobalSection
	GlobalSection(SolutionProperties) = preSolution
		HideSolutionNode = FALSE
	EndGlobalSection
EndGlobal
